
Microsoft Visual Studio Solution File, Format Version 12.00
# Visual Studio Version 17
VisualStudioVersion = 17.2.32602.215
MinimumVisualStudioVersion = 10.0.40219.1
Project("{9A19103F-16F7-4668-BE54-9A1E7A4F7556}") = "Renovators", "Renovators.csproj", "{F51FEBFA-0787-4FF0-AFEF-905142472C3B}"
EndProject
Global
	GlobalSection(SolutionConfigurationPlatforms) = preSolution
		Debug|Any CPU = Debug|Any CPU
		Release|Any CPU = Release|Any CPU
	EndGlobalSection
	GlobalSection(ProjectConfigurationPlatforms) = postSolution
		{F51FEBFA-0787-4FF0-AFEF-905142472C3B}.Debug|Any CPU.ActiveCfg = Debug|Any CPU
		{F51FEBFA-0787-4FF0-AFEF-905142472C3B}.Debug|Any CPU.Build.0 = Debug|Any CPU
		{F51FEBFA-0787-4FF0-AFEF-905142472C3B}.Release|Any CPU.ActiveCfg = Release|Any CPU
		{F51FEBFA-0787-4FF0-AFEF-905142472C3B}.Release|Any CPU.Build.0 = Release|Any CPU
	EndGlobalSection
	GlobalSection(SolutionProperties) = preSolution
		HideSolutionNode = FALSE
	EndGlobalSection
	GlobalSection(ExtensibilityGlobals) = postSolution
		SolutionGuid = {AC9AD421-AE1C-437B-A7AB-D32E1CCDE751}
	EndGlobalSection
EndGlobal
