
Microsoft Visual Studio Solution File, Format Version 12.00
# Visual Studio Version 17
VisualStudioVersion = 17.0.32126.317
MinimumVisualStudioVersion = 10.0.40219.1
Project("{FAE04EC0-301F-11D3-BF4B-00C04F79EFBC}") = "P01.ConvertMetersToKilometers", "02.DataTypesAndVariables\P01.ConvertMetersToKilometers.csproj", "{F38BD85E-0193-41F9-980D-2D8D93297EC3}"
EndProject
Project("{FAE04EC0-301F-11D3-BF4B-00C04F79EFBC}") = "P02.PoundsToDollars", "P02.PoundsToDollars\P02.PoundsToDollars.csproj", "{F1452791-1F6C-44D6-AB1F-9ACB68D589B7}"
EndProject
Global
	GlobalSection(SolutionConfigurationPlatforms) = preSolution
		Debug|Any CPU = Debug|Any CPU
		Release|Any CPU = Release|Any CPU
	EndGlobalSection
	GlobalSection(ProjectConfigurationPlatforms) = postSolution
		{F38BD85E-0193-41F9-980D-2D8D93297EC3}.Debug|Any CPU.ActiveCfg = Debug|Any CPU
		{F38BD85E-0193-41F9-980D-2D8D93297EC3}.Debug|Any CPU.Build.0 = Debug|Any CPU
		{F38BD85E-0193-41F9-980D-2D8D93297EC3}.Release|Any CPU.ActiveCfg = Release|Any CPU
		{F38BD85E-0193-41F9-980D-2D8D93297EC3}.Release|Any CPU.Build.0 = Release|Any CPU
		{F1452791-1F6C-44D6-AB1F-9ACB68D589B7}.Debug|Any CPU.ActiveCfg = Debug|Any CPU
		{F1452791-1F6C-44D6-AB1F-9ACB68D589B7}.Debug|Any CPU.Build.0 = Debug|Any CPU
		{F1452791-1F6C-44D6-AB1F-9ACB68D589B7}.Release|Any CPU.ActiveCfg = Release|Any CPU
		{F1452791-1F6C-44D6-AB1F-9ACB68D589B7}.Release|Any CPU.Build.0 = Release|Any CPU
	EndGlobalSection
	GlobalSection(SolutionProperties) = preSolution
		HideSolutionNode = FALSE
	EndGlobalSection
	GlobalSection(ExtensibilityGlobals) = postSolution
		SolutionGuid = {6FDB3F0C-5813-4E02-A0C6-FF2D2852BC4C}
	EndGlobalSection
EndGlobal
