
Microsoft Visual Studio Solution File, Format Version 12.00
# Visual Studio Version 17
VisualStudioVersion = 17.0.32126.317
MinimumVisualStudioVersion = 10.0.40219.1
Project("{9A19103F-16F7-4668-BE54-9A1E7A4F7556}") = "P03.ExtractFiles", "P03.ExtractFiles\P03.ExtractFiles.csproj", "{7B7D11D1-D8B4-4D86-960D-DF84250C63EE}"
EndProject
Project("{9A19103F-16F7-4668-BE54-9A1E7A4F7556}") = "P07.StringExplosion", "P07.StringExplosion\P07.StringExplosion.csproj", "{7BC6A329-B63B-483E-8F47-15B5F56028D5}"
EndProject
Project("{9A19103F-16F7-4668-BE54-9A1E7A4F7556}") = "P08.LettersChangeNumbers", "P08.LettersChangeNumbers\P08.LettersChangeNumbers.csproj", "{F6BF4DDD-C9B6-44BF-BDEB-4E954FFD76AE}"
EndProject
Project("{9A19103F-16F7-4668-BE54-9A1E7A4F7556}") = "PE01.ExtractPersonInformation", "PE01.ExtractPersonInformation\PE01.ExtractPersonInformation.csproj", "{E9DA4AFF-88D2-465D-9679-39CD3875EF37}"
EndProject
Project("{FAE04EC0-301F-11D3-BF4B-00C04F79EFBC}") = "PE02.AsciiSumator", "PE02.AsciiSumator\PE02.AsciiSumator.csproj", "{6C33253D-F6EC-43E5-B878-987EBE59349F}"
EndProject
Project("{FAE04EC0-301F-11D3-BF4B-00C04F79EFBC}") = "PE03.TreasureFinder", "PE03.TreasureFinder\PE03.TreasureFinder.csproj", "{CCBCCEBD-E6A5-4B80-B09E-B8D7C7A050D8}"
EndProject
Project("{FAE04EC0-301F-11D3-BF4B-00C04F79EFBC}") = "PE04.MorseCode", "PE04.MorseCode\PE04.MorseCode.csproj", "{FDA6C599-2A02-45B3-BE85-96CDF077F4CF}"
EndProject
Project("{FAE04EC0-301F-11D3-BF4B-00C04F79EFBC}") = "PE05.HTML", "PE05.HTML\PE05.HTML.csproj", "{598F58D6-035F-46E0-9BCD-1BE0EEB19B59}"
EndProject
Global
	GlobalSection(SolutionConfigurationPlatforms) = preSolution
		Debug|Any CPU = Debug|Any CPU
		Release|Any CPU = Release|Any CPU
	EndGlobalSection
	GlobalSection(ProjectConfigurationPlatforms) = postSolution
		{7B7D11D1-D8B4-4D86-960D-DF84250C63EE}.Debug|Any CPU.ActiveCfg = Debug|Any CPU
		{7B7D11D1-D8B4-4D86-960D-DF84250C63EE}.Debug|Any CPU.Build.0 = Debug|Any CPU
		{7B7D11D1-D8B4-4D86-960D-DF84250C63EE}.Release|Any CPU.ActiveCfg = Release|Any CPU
		{7B7D11D1-D8B4-4D86-960D-DF84250C63EE}.Release|Any CPU.Build.0 = Release|Any CPU
		{7BC6A329-B63B-483E-8F47-15B5F56028D5}.Debug|Any CPU.ActiveCfg = Debug|Any CPU
		{7BC6A329-B63B-483E-8F47-15B5F56028D5}.Debug|Any CPU.Build.0 = Debug|Any CPU
		{7BC6A329-B63B-483E-8F47-15B5F56028D5}.Release|Any CPU.ActiveCfg = Release|Any CPU
		{7BC6A329-B63B-483E-8F47-15B5F56028D5}.Release|Any CPU.Build.0 = Release|Any CPU
		{F6BF4DDD-C9B6-44BF-BDEB-4E954FFD76AE}.Debug|Any CPU.ActiveCfg = Debug|Any CPU
		{F6BF4DDD-C9B6-44BF-BDEB-4E954FFD76AE}.Debug|Any CPU.Build.0 = Debug|Any CPU
		{F6BF4DDD-C9B6-44BF-BDEB-4E954FFD76AE}.Release|Any CPU.ActiveCfg = Release|Any CPU
		{F6BF4DDD-C9B6-44BF-BDEB-4E954FFD76AE}.Release|Any CPU.Build.0 = Release|Any CPU
		{E9DA4AFF-88D2-465D-9679-39CD3875EF37}.Debug|Any CPU.ActiveCfg = Debug|Any CPU
		{E9DA4AFF-88D2-465D-9679-39CD3875EF37}.Debug|Any CPU.Build.0 = Debug|Any CPU
		{E9DA4AFF-88D2-465D-9679-39CD3875EF37}.Release|Any CPU.ActiveCfg = Release|Any CPU
		{E9DA4AFF-88D2-465D-9679-39CD3875EF37}.Release|Any CPU.Build.0 = Release|Any CPU
		{6C33253D-F6EC-43E5-B878-987EBE59349F}.Debug|Any CPU.ActiveCfg = Debug|Any CPU
		{6C33253D-F6EC-43E5-B878-987EBE59349F}.Debug|Any CPU.Build.0 = Debug|Any CPU
		{6C33253D-F6EC-43E5-B878-987EBE59349F}.Release|Any CPU.ActiveCfg = Release|Any CPU
		{6C33253D-F6EC-43E5-B878-987EBE59349F}.Release|Any CPU.Build.0 = Release|Any CPU
		{CCBCCEBD-E6A5-4B80-B09E-B8D7C7A050D8}.Debug|Any CPU.ActiveCfg = Debug|Any CPU
		{CCBCCEBD-E6A5-4B80-B09E-B8D7C7A050D8}.Debug|Any CPU.Build.0 = Debug|Any CPU
		{CCBCCEBD-E6A5-4B80-B09E-B8D7C7A050D8}.Release|Any CPU.ActiveCfg = Release|Any CPU
		{CCBCCEBD-E6A5-4B80-B09E-B8D7C7A050D8}.Release|Any CPU.Build.0 = Release|Any CPU
		{FDA6C599-2A02-45B3-BE85-96CDF077F4CF}.Debug|Any CPU.ActiveCfg = Debug|Any CPU
		{FDA6C599-2A02-45B3-BE85-96CDF077F4CF}.Debug|Any CPU.Build.0 = Debug|Any CPU
		{FDA6C599-2A02-45B3-BE85-96CDF077F4CF}.Release|Any CPU.ActiveCfg = Release|Any CPU
		{FDA6C599-2A02-45B3-BE85-96CDF077F4CF}.Release|Any CPU.Build.0 = Release|Any CPU
		{598F58D6-035F-46E0-9BCD-1BE0EEB19B59}.Debug|Any CPU.ActiveCfg = Debug|Any CPU
		{598F58D6-035F-46E0-9BCD-1BE0EEB19B59}.Debug|Any CPU.Build.0 = Debug|Any CPU
		{598F58D6-035F-46E0-9BCD-1BE0EEB19B59}.Release|Any CPU.ActiveCfg = Release|Any CPU
		{598F58D6-035F-46E0-9BCD-1BE0EEB19B59}.Release|Any CPU.Build.0 = Release|Any CPU
	EndGlobalSection
	GlobalSection(SolutionProperties) = preSolution
		HideSolutionNode = FALSE
	EndGlobalSection
	GlobalSection(ExtensibilityGlobals) = postSolution
		SolutionGuid = {39D9138D-E730-42FC-B611-9546741E1213}
	EndGlobalSection
EndGlobal
