
Microsoft Visual Studio Solution File, Format Version 12.00
# Visual Studio Version 17
VisualStudioVersion = 17.0.32126.317
MinimumVisualStudioVersion = 10.0.40219.1
Project("{9A19103F-16F7-4668-BE54-9A1E7A4F7556}") = "P03.ExtractFiles", "P03.ExtractFiles\P03.ExtractFiles.csproj", "{7B7D11D1-D8B4-4D86-960D-DF84250C63EE}"
EndProject
Project("{9A19103F-16F7-4668-BE54-9A1E7A4F7556}") = "P07.StringExplosion", "P07.StringExplosion\P07.StringExplosion.csproj", "{7BC6A329-B63B-483E-8F47-15B5F56028D5}"
EndProject
Project("{9A19103F-16F7-4668-BE54-9A1E7A4F7556}") = "P08.LettersChangeNumbers", "P08.LettersChangeNumbers\P08.LettersChangeNumbers.csproj", "{F6BF4DDD-C9B6-44BF-BDEB-4E954FFD76AE}"
EndProject
Project("{9A19103F-16F7-4668-BE54-9A1E7A4F7556}") = "PE01.ExtractPersonInformation", "PE01.ExtractPersonInformation\PE01.ExtractPersonInformation.csproj", "{E9DA4AFF-88D2-465D-9679-39CD3875EF37}"
EndProject
Project("{9A19103F-16F7-4668-BE54-9A1E7A4F7556}") = "PE02.AsciiSumator", "PE02.AsciiSumator\PE02.AsciiSumator.csproj", "{6C33253D-F6EC-43E5-B878-987EBE59349F}"
EndProject
Project("{9A19103F-16F7-4668-BE54-9A1E7A4F7556}") = "PE03.TreasureFinder", "PE03.TreasureFinder\PE03.TreasureFinder.csproj", "{CCBCCEBD-E6A5-4B80-B09E-B8D7C7A050D8}"
EndProject
Project("{9A19103F-16F7-4668-BE54-9A1E7A4F7556}") = "PE04.MorseCode", "PE04.MorseCode\PE04.MorseCode.csproj", "{FDA6C599-2A02-45B3-BE85-96CDF077F4CF}"
EndProject
Project("{9A19103F-16F7-4668-BE54-9A1E7A4F7556}") = "PE05.HTML", "PE05.HTML\PE05.HTML.csproj", "{598F58D6-035F-46E0-9BCD-1BE0EEB19B59}"
EndProject
Project("{9A19103F-16F7-4668-BE54-9A1E7A4F7556}") = "P01.ValidUsernames", "P01.ValidUsernames\P01.ValidUsernames.csproj", "{3B82CC91-5176-4995-8D9A-DA250D025DDF}"
EndProject
Project("{9A19103F-16F7-4668-BE54-9A1E7A4F7556}") = "P02.CharacterMultiplier", "P02.CharacterMultiplier\P02.CharacterMultiplier.csproj", "{0B583B23-4203-4603-BF2E-4B38C4C8B94D}"
EndProject
Project("{FAE04EC0-301F-11D3-BF4B-00C04F79EFBC}") = "P04.CaesarCipher", "P04.CaesarCipher\P04.CaesarCipher.csproj", "{CE84AE58-B414-4C01-B4C7-69FDDC532E97}"
EndProject
Project("{FAE04EC0-301F-11D3-BF4B-00C04F79EFBC}") = "P05.MultiplyBigNumber", "P05.MultiplyBigNumber\P05.MultiplyBigNumber.csproj", "{4242D8B2-7997-483C-84C8-DC8C8FFE78ED}"
EndProject
Project("{FAE04EC0-301F-11D3-BF4B-00C04F79EFBC}") = "P06.ReplaceRepeating", "P06.ReplaceRepeating\P06.ReplaceRepeating.csproj", "{160CA07F-3695-4981-960F-AE4A68A4125D}"
EndProject
Global
	GlobalSection(SolutionConfigurationPlatforms) = preSolution
		Debug|Any CPU = Debug|Any CPU
		Release|Any CPU = Release|Any CPU
	EndGlobalSection
	GlobalSection(ProjectConfigurationPlatforms) = postSolution
		{7B7D11D1-D8B4-4D86-960D-DF84250C63EE}.Debug|Any CPU.ActiveCfg = Debug|Any CPU
		{7B7D11D1-D8B4-4D86-960D-DF84250C63EE}.Debug|Any CPU.Build.0 = Debug|Any CPU
		{7B7D11D1-D8B4-4D86-960D-DF84250C63EE}.Release|Any CPU.ActiveCfg = Release|Any CPU
		{7B7D11D1-D8B4-4D86-960D-DF84250C63EE}.Release|Any CPU.Build.0 = Release|Any CPU
		{7BC6A329-B63B-483E-8F47-15B5F56028D5}.Debug|Any CPU.ActiveCfg = Debug|Any CPU
		{7BC6A329-B63B-483E-8F47-15B5F56028D5}.Debug|Any CPU.Build.0 = Debug|Any CPU
		{7BC6A329-B63B-483E-8F47-15B5F56028D5}.Release|Any CPU.ActiveCfg = Release|Any CPU
		{7BC6A329-B63B-483E-8F47-15B5F56028D5}.Release|Any CPU.Build.0 = Release|Any CPU
		{F6BF4DDD-C9B6-44BF-BDEB-4E954FFD76AE}.Debug|Any CPU.ActiveCfg = Debug|Any CPU
		{F6BF4DDD-C9B6-44BF-BDEB-4E954FFD76AE}.Debug|Any CPU.Build.0 = Debug|Any CPU
		{F6BF4DDD-C9B6-44BF-BDEB-4E954FFD76AE}.Release|Any CPU.ActiveCfg = Release|Any CPU
		{F6BF4DDD-C9B6-44BF-BDEB-4E954FFD76AE}.Release|Any CPU.Build.0 = Release|Any CPU
		{E9DA4AFF-88D2-465D-9679-39CD3875EF37}.Debug|Any CPU.ActiveCfg = Debug|Any CPU
		{E9DA4AFF-88D2-465D-9679-39CD3875EF37}.Debug|Any CPU.Build.0 = Debug|Any CPU
		{E9DA4AFF-88D2-465D-9679-39CD3875EF37}.Release|Any CPU.ActiveCfg = Release|Any CPU
		{E9DA4AFF-88D2-465D-9679-39CD3875EF37}.Release|Any CPU.Build.0 = Release|Any CPU
		{6C33253D-F6EC-43E5-B878-987EBE59349F}.Debug|Any CPU.ActiveCfg = Debug|Any CPU
		{6C33253D-F6EC-43E5-B878-987EBE59349F}.Debug|Any CPU.Build.0 = Debug|Any CPU
		{6C33253D-F6EC-43E5-B878-987EBE59349F}.Release|Any CPU.ActiveCfg = Release|Any CPU
		{6C33253D-F6EC-43E5-B878-987EBE59349F}.Release|Any CPU.Build.0 = Release|Any CPU
		{CCBCCEBD-E6A5-4B80-B09E-B8D7C7A050D8}.Debug|Any CPU.ActiveCfg = Debug|Any CPU
		{CCBCCEBD-E6A5-4B80-B09E-B8D7C7A050D8}.Debug|Any CPU.Build.0 = Debug|Any CPU
		{CCBCCEBD-E6A5-4B80-B09E-B8D7C7A050D8}.Release|Any CPU.ActiveCfg = Release|Any CPU
		{CCBCCEBD-E6A5-4B80-B09E-B8D7C7A050D8}.Release|Any CPU.Build.0 = Release|Any CPU
		{FDA6C599-2A02-45B3-BE85-96CDF077F4CF}.Debug|Any CPU.ActiveCfg = Debug|Any CPU
		{FDA6C599-2A02-45B3-BE85-96CDF077F4CF}.Debug|Any CPU.Build.0 = Debug|Any CPU
		{FDA6C599-2A02-45B3-BE85-96CDF077F4CF}.Release|Any CPU.ActiveCfg = Release|Any CPU
		{FDA6C599-2A02-45B3-BE85-96CDF077F4CF}.Release|Any CPU.Build.0 = Release|Any CPU
		{598F58D6-035F-46E0-9BCD-1BE0EEB19B59}.Debug|Any CPU.ActiveCfg = Debug|Any CPU
		{598F58D6-035F-46E0-9BCD-1BE0EEB19B59}.Debug|Any CPU.Build.0 = Debug|Any CPU
		{598F58D6-035F-46E0-9BCD-1BE0EEB19B59}.Release|Any CPU.ActiveCfg = Release|Any CPU
		{598F58D6-035F-46E0-9BCD-1BE0EEB19B59}.Release|Any CPU.Build.0 = Release|Any CPU
		{3B82CC91-5176-4995-8D9A-DA250D025DDF}.Debug|Any CPU.ActiveCfg = Debug|Any CPU
		{3B82CC91-5176-4995-8D9A-DA250D025DDF}.Debug|Any CPU.Build.0 = Debug|Any CPU
		{3B82CC91-5176-4995-8D9A-DA250D025DDF}.Release|Any CPU.ActiveCfg = Release|Any CPU
		{3B82CC91-5176-4995-8D9A-DA250D025DDF}.Release|Any CPU.Build.0 = Release|Any CPU
		{0B583B23-4203-4603-BF2E-4B38C4C8B94D}.Debug|Any CPU.ActiveCfg = Debug|Any CPU
		{0B583B23-4203-4603-BF2E-4B38C4C8B94D}.Debug|Any CPU.Build.0 = Debug|Any CPU
		{0B583B23-4203-4603-BF2E-4B38C4C8B94D}.Release|Any CPU.ActiveCfg = Release|Any CPU
		{0B583B23-4203-4603-BF2E-4B38C4C8B94D}.Release|Any CPU.Build.0 = Release|Any CPU
		{CE84AE58-B414-4C01-B4C7-69FDDC532E97}.Debug|Any CPU.ActiveCfg = Debug|Any CPU
		{CE84AE58-B414-4C01-B4C7-69FDDC532E97}.Debug|Any CPU.Build.0 = Debug|Any CPU
		{CE84AE58-B414-4C01-B4C7-69FDDC532E97}.Release|Any CPU.ActiveCfg = Release|Any CPU
		{CE84AE58-B414-4C01-B4C7-69FDDC532E97}.Release|Any CPU.Build.0 = Release|Any CPU
		{4242D8B2-7997-483C-84C8-DC8C8FFE78ED}.Debug|Any CPU.ActiveCfg = Debug|Any CPU
		{4242D8B2-7997-483C-84C8-DC8C8FFE78ED}.Debug|Any CPU.Build.0 = Debug|Any CPU
		{4242D8B2-7997-483C-84C8-DC8C8FFE78ED}.Release|Any CPU.ActiveCfg = Release|Any CPU
		{4242D8B2-7997-483C-84C8-DC8C8FFE78ED}.Release|Any CPU.Build.0 = Release|Any CPU
		{160CA07F-3695-4981-960F-AE4A68A4125D}.Debug|Any CPU.ActiveCfg = Debug|Any CPU
		{160CA07F-3695-4981-960F-AE4A68A4125D}.Debug|Any CPU.Build.0 = Debug|Any CPU
		{160CA07F-3695-4981-960F-AE4A68A4125D}.Release|Any CPU.ActiveCfg = Release|Any CPU
		{160CA07F-3695-4981-960F-AE4A68A4125D}.Release|Any CPU.Build.0 = Release|Any CPU
	EndGlobalSection
	GlobalSection(SolutionProperties) = preSolution
		HideSolutionNode = FALSE
	EndGlobalSection
	GlobalSection(ExtensibilityGlobals) = postSolution
		SolutionGuid = {39D9138D-E730-42FC-B611-9546741E1213}
	EndGlobalSection
EndGlobal
