
Microsoft Visual Studio Solution File, Format Version 12.00
# Visual Studio Version 17
VisualStudioVersion = 17.2.32630.192
MinimumVisualStudioVersion = 10.0.40219.1
Project("{FAE04EC0-301F-11D3-BF4B-00C04F79EFBC}") = "P01.BaristaContest", "P01.BaristaContest\P01.BaristaContest.csproj", "{C72AC495-A4E8-49A1-8344-F3B83876CD12}"
EndProject
Project("{FAE04EC0-301F-11D3-BF4B-00C04F79EFBC}") = "P02.Help-A-Mole", "P02.Help-A-Mole\P02.Help-A-Mole.csproj", "{E95E5BB2-56B6-4E66-86F2-FF916056EDB2}"
EndProject
Global
	GlobalSection(SolutionConfigurationPlatforms) = preSolution
		Debug|Any CPU = Debug|Any CPU
		Release|Any CPU = Release|Any CPU
	EndGlobalSection
	GlobalSection(ProjectConfigurationPlatforms) = postSolution
		{C72AC495-A4E8-49A1-8344-F3B83876CD12}.Debug|Any CPU.ActiveCfg = Debug|Any CPU
		{C72AC495-A4E8-49A1-8344-F3B83876CD12}.Debug|Any CPU.Build.0 = Debug|Any CPU
		{C72AC495-A4E8-49A1-8344-F3B83876CD12}.Release|Any CPU.ActiveCfg = Release|Any CPU
		{C72AC495-A4E8-49A1-8344-F3B83876CD12}.Release|Any CPU.Build.0 = Release|Any CPU
		{E95E5BB2-56B6-4E66-86F2-FF916056EDB2}.Debug|Any CPU.ActiveCfg = Debug|Any CPU
		{E95E5BB2-56B6-4E66-86F2-FF916056EDB2}.Debug|Any CPU.Build.0 = Debug|Any CPU
		{E95E5BB2-56B6-4E66-86F2-FF916056EDB2}.Release|Any CPU.ActiveCfg = Release|Any CPU
		{E95E5BB2-56B6-4E66-86F2-FF916056EDB2}.Release|Any CPU.Build.0 = Release|Any CPU
	EndGlobalSection
	GlobalSection(SolutionProperties) = preSolution
		HideSolutionNode = FALSE
	EndGlobalSection
	GlobalSection(ExtensibilityGlobals) = postSolution
		SolutionGuid = {B41FD8EE-5E71-4F4E-8F86-49F0578B59BE}
	EndGlobalSection
EndGlobal
