
Microsoft Visual Studio Solution File, Format Version 12.00
# Visual Studio Version 17
VisualStudioVersion = 17.2.32630.192
MinimumVisualStudioVersion = 10.0.40219.1
Project("{9A19103F-16F7-4668-BE54-9A1E7A4F7556}") = "Database", "..\Database\Database.csproj", "{2EE067AF-0865-4F05-9D73-B1762521CE2D}"
EndProject
Project("{9A19103F-16F7-4668-BE54-9A1E7A4F7556}") = "Database.Tests", "..\Database.Tests\Database.Tests.csproj", "{71F9905E-F422-4BCD-9A8D-BB655883B571}"
EndProject
Project("{9A19103F-16F7-4668-BE54-9A1E7A4F7556}") = "DatabaseExtended", "..\DatabaseExtended\DatabaseExtended.csproj", "{C66BB721-FD17-4A01-AA29-31406B589DEF}"
EndProject
Project("{FAE04EC0-301F-11D3-BF4B-00C04F79EFBC}") = "DatabaseExtended.Test", "DatabaseExtended.Test\DatabaseExtended.Test.csproj", "{31220207-037C-4766-984C-FA60FA11B91C}"
EndProject
Global
	GlobalSection(SolutionConfigurationPlatforms) = preSolution
		Debug|Any CPU = Debug|Any CPU
		Release|Any CPU = Release|Any CPU
	EndGlobalSection
	GlobalSection(ProjectConfigurationPlatforms) = postSolution
		{2EE067AF-0865-4F05-9D73-B1762521CE2D}.Debug|Any CPU.ActiveCfg = Debug|Any CPU
		{2EE067AF-0865-4F05-9D73-B1762521CE2D}.Debug|Any CPU.Build.0 = Debug|Any CPU
		{2EE067AF-0865-4F05-9D73-B1762521CE2D}.Release|Any CPU.ActiveCfg = Release|Any CPU
		{2EE067AF-0865-4F05-9D73-B1762521CE2D}.Release|Any CPU.Build.0 = Release|Any CPU
		{71F9905E-F422-4BCD-9A8D-BB655883B571}.Debug|Any CPU.ActiveCfg = Debug|Any CPU
		{71F9905E-F422-4BCD-9A8D-BB655883B571}.Debug|Any CPU.Build.0 = Debug|Any CPU
		{71F9905E-F422-4BCD-9A8D-BB655883B571}.Release|Any CPU.ActiveCfg = Release|Any CPU
		{71F9905E-F422-4BCD-9A8D-BB655883B571}.Release|Any CPU.Build.0 = Release|Any CPU
		{C66BB721-FD17-4A01-AA29-31406B589DEF}.Debug|Any CPU.ActiveCfg = Debug|Any CPU
		{C66BB721-FD17-4A01-AA29-31406B589DEF}.Debug|Any CPU.Build.0 = Debug|Any CPU
		{C66BB721-FD17-4A01-AA29-31406B589DEF}.Release|Any CPU.ActiveCfg = Release|Any CPU
		{C66BB721-FD17-4A01-AA29-31406B589DEF}.Release|Any CPU.Build.0 = Release|Any CPU
		{31220207-037C-4766-984C-FA60FA11B91C}.Debug|Any CPU.ActiveCfg = Debug|Any CPU
		{31220207-037C-4766-984C-FA60FA11B91C}.Debug|Any CPU.Build.0 = Debug|Any CPU
		{31220207-037C-4766-984C-FA60FA11B91C}.Release|Any CPU.ActiveCfg = Release|Any CPU
		{31220207-037C-4766-984C-FA60FA11B91C}.Release|Any CPU.Build.0 = Release|Any CPU
	EndGlobalSection
	GlobalSection(SolutionProperties) = preSolution
		HideSolutionNode = FALSE
	EndGlobalSection
	GlobalSection(ExtensibilityGlobals) = postSolution
		SolutionGuid = {6363A533-8D57-4FD9-BA53-5E3763966F9E}
	EndGlobalSection
EndGlobal
