
Microsoft Visual Studio Solution File, Format Version 12.00
# Visual Studio Version 17
VisualStudioVersion = 17.1.32328.378
MinimumVisualStudioVersion = 10.0.40219.1
Project("{FAE04EC0-301F-11D3-BF4B-00C04F79EFBC}") = "P01.UniqueUsernames", "P01.UniqueUsernames\P01.UniqueUsernames.csproj", "{B3319ADA-73AF-417E-8F23-ABCEDF0899DF}"
EndProject
Project("{FAE04EC0-301F-11D3-BF4B-00C04F79EFBC}") = "P02.Sets-of-Elements", "P02.Sets-of-Elements\P02.Sets-of-Elements.csproj", "{B98B01E3-B249-482D-A292-23CA4C5157DA}"
EndProject
Project("{FAE04EC0-301F-11D3-BF4B-00C04F79EFBC}") = "P03.PeriodicTable", "P03.PeriodicTable\P03.PeriodicTable.csproj", "{65F98D6C-3DA4-4340-B219-EB5ADFADB1DE}"
EndProject
Global
	GlobalSection(SolutionConfigurationPlatforms) = preSolution
		Debug|Any CPU = Debug|Any CPU
		Release|Any CPU = Release|Any CPU
	EndGlobalSection
	GlobalSection(ProjectConfigurationPlatforms) = postSolution
		{B3319ADA-73AF-417E-8F23-ABCEDF0899DF}.Debug|Any CPU.ActiveCfg = Debug|Any CPU
		{B3319ADA-73AF-417E-8F23-ABCEDF0899DF}.Debug|Any CPU.Build.0 = Debug|Any CPU
		{B3319ADA-73AF-417E-8F23-ABCEDF0899DF}.Release|Any CPU.ActiveCfg = Release|Any CPU
		{B3319ADA-73AF-417E-8F23-ABCEDF0899DF}.Release|Any CPU.Build.0 = Release|Any CPU
		{B98B01E3-B249-482D-A292-23CA4C5157DA}.Debug|Any CPU.ActiveCfg = Debug|Any CPU
		{B98B01E3-B249-482D-A292-23CA4C5157DA}.Debug|Any CPU.Build.0 = Debug|Any CPU
		{B98B01E3-B249-482D-A292-23CA4C5157DA}.Release|Any CPU.ActiveCfg = Release|Any CPU
		{B98B01E3-B249-482D-A292-23CA4C5157DA}.Release|Any CPU.Build.0 = Release|Any CPU
		{65F98D6C-3DA4-4340-B219-EB5ADFADB1DE}.Debug|Any CPU.ActiveCfg = Debug|Any CPU
		{65F98D6C-3DA4-4340-B219-EB5ADFADB1DE}.Debug|Any CPU.Build.0 = Debug|Any CPU
		{65F98D6C-3DA4-4340-B219-EB5ADFADB1DE}.Release|Any CPU.ActiveCfg = Release|Any CPU
		{65F98D6C-3DA4-4340-B219-EB5ADFADB1DE}.Release|Any CPU.Build.0 = Release|Any CPU
	EndGlobalSection
	GlobalSection(SolutionProperties) = preSolution
		HideSolutionNode = FALSE
	EndGlobalSection
	GlobalSection(ExtensibilityGlobals) = postSolution
		SolutionGuid = {897A33E1-6CA6-43E4-8E96-23EFB0C80229}
	EndGlobalSection
EndGlobal
