
Microsoft Visual Studio Solution File, Format Version 12.00
# Visual Studio Version 17
VisualStudioVersion = 17.1.32328.378
MinimumVisualStudioVersion = 10.0.40219.1
Project("{FAE04EC0-301F-11D3-BF4B-00C04F79EFBC}") = "PrintNumbers", "PrintNumbers\PrintNumbers.csproj", "{C605B1AF-B7CF-4FE0-A036-BA9EE9183760}"
EndProject
Project("{FAE04EC0-301F-11D3-BF4B-00C04F79EFBC}") = "FilterByAge", "FilterByAge\FilterByAge.csproj", "{80DFD89A-470C-4F27-B9EA-D6CC781054AD}"
EndProject
Project("{FAE04EC0-301F-11D3-BF4B-00C04F79EFBC}") = "Functional-Programming-Examples", "Functional-Programming-Examples\Functional-Programming-Examples.csproj", "{ED858354-3508-4221-A2A9-BDBD63D9EBE7}"
EndProject
Project("{FAE04EC0-301F-11D3-BF4B-00C04F79EFBC}") = "Car-with-Engine-and-Tires", "Car-with-Engine-and-Tires\Car-with-Engine-and-Tires.csproj", "{3AF4D1DE-C346-497E-824B-6DB490AF3899}"
EndProject
Global
	GlobalSection(SolutionConfigurationPlatforms) = preSolution
		Debug|Any CPU = Debug|Any CPU
		Release|Any CPU = Release|Any CPU
	EndGlobalSection
	GlobalSection(ProjectConfigurationPlatforms) = postSolution
		{C605B1AF-B7CF-4FE0-A036-BA9EE9183760}.Debug|Any CPU.ActiveCfg = Debug|Any CPU
		{C605B1AF-B7CF-4FE0-A036-BA9EE9183760}.Debug|Any CPU.Build.0 = Debug|Any CPU
		{C605B1AF-B7CF-4FE0-A036-BA9EE9183760}.Release|Any CPU.ActiveCfg = Release|Any CPU
		{C605B1AF-B7CF-4FE0-A036-BA9EE9183760}.Release|Any CPU.Build.0 = Release|Any CPU
		{80DFD89A-470C-4F27-B9EA-D6CC781054AD}.Debug|Any CPU.ActiveCfg = Debug|Any CPU
		{80DFD89A-470C-4F27-B9EA-D6CC781054AD}.Debug|Any CPU.Build.0 = Debug|Any CPU
		{80DFD89A-470C-4F27-B9EA-D6CC781054AD}.Release|Any CPU.ActiveCfg = Release|Any CPU
		{80DFD89A-470C-4F27-B9EA-D6CC781054AD}.Release|Any CPU.Build.0 = Release|Any CPU
		{ED858354-3508-4221-A2A9-BDBD63D9EBE7}.Debug|Any CPU.ActiveCfg = Debug|Any CPU
		{ED858354-3508-4221-A2A9-BDBD63D9EBE7}.Debug|Any CPU.Build.0 = Debug|Any CPU
		{ED858354-3508-4221-A2A9-BDBD63D9EBE7}.Release|Any CPU.ActiveCfg = Release|Any CPU
		{ED858354-3508-4221-A2A9-BDBD63D9EBE7}.Release|Any CPU.Build.0 = Release|Any CPU
		{3AF4D1DE-C346-497E-824B-6DB490AF3899}.Debug|Any CPU.ActiveCfg = Debug|Any CPU
		{3AF4D1DE-C346-497E-824B-6DB490AF3899}.Debug|Any CPU.Build.0 = Debug|Any CPU
		{3AF4D1DE-C346-497E-824B-6DB490AF3899}.Release|Any CPU.ActiveCfg = Release|Any CPU
		{3AF4D1DE-C346-497E-824B-6DB490AF3899}.Release|Any CPU.Build.0 = Release|Any CPU
	EndGlobalSection
	GlobalSection(SolutionProperties) = preSolution
		HideSolutionNode = FALSE
	EndGlobalSection
	GlobalSection(ExtensibilityGlobals) = postSolution
		SolutionGuid = {6431DF18-FC67-4182-B833-93FE64CFDC51}
	EndGlobalSection
EndGlobal
