
Microsoft Visual Studio Solution File, Format Version 12.00
# Visual Studio Version 16
VisualStudioVersion = 16.0.31911.196
MinimumVisualStudioVersion = 10.0.40219.1
Project("{FAE04EC0-301F-11D3-BF4B-00C04F79EFBC}") = "Aid", "Aid\Aid.csproj", "{D44937CB-89C3-47FA-9722-B43AD2712F0B}"
EndProject
Project("{FAE04EC0-301F-11D3-BF4B-00C04F79EFBC}") = "01.CatDiet", "01.CatDiet\01.CatDiet.csproj", "{37BC65F7-A96D-48C7-BEE0-B15093A5B13E}"
EndProject
Project("{FAE04EC0-301F-11D3-BF4B-00C04F79EFBC}") = "02.DearOfSanta", "04.DearOfSanta\02.DearOfSanta.csproj", "{67A1AA61-184B-42A7-8B37-4FDD43D57752}"
EndProject
Project("{FAE04EC0-301F-11D3-BF4B-00C04F79EFBC}") = "03. Courier Express", "03. Courier Express\03. Courier Express.csproj", "{C5537D7A-610A-47AB-9256-9D594BE845F2}"
EndProject
Project("{FAE04EC0-301F-11D3-BF4B-00C04F79EFBC}") = "05. Everest", "05. Everest\05. Everest.csproj", "{60848354-6F9F-4852-AAF0-C99CAA6C66D9}"
EndProject
Project("{FAE04EC0-301F-11D3-BF4B-00C04F79EFBC}") = "06. Subs", "06. Subs\06. Subs.csproj", "{AC27B151-B664-40F4-9D5F-377C2CADDFA7}"
EndProject
Project("{FAE04EC0-301F-11D3-BF4B-00C04F79EFBC}") = "04. Computer Firm", "04. Computer Firm\04. Computer Firm.csproj", "{889B4F04-A053-469A-BF78-6F9955F27A40}"
EndProject
Global
	GlobalSection(SolutionConfigurationPlatforms) = preSolution
		Debug|Any CPU = Debug|Any CPU
		Release|Any CPU = Release|Any CPU
	EndGlobalSection
	GlobalSection(ProjectConfigurationPlatforms) = postSolution
		{D44937CB-89C3-47FA-9722-B43AD2712F0B}.Debug|Any CPU.ActiveCfg = Debug|Any CPU
		{D44937CB-89C3-47FA-9722-B43AD2712F0B}.Debug|Any CPU.Build.0 = Debug|Any CPU
		{D44937CB-89C3-47FA-9722-B43AD2712F0B}.Release|Any CPU.ActiveCfg = Release|Any CPU
		{D44937CB-89C3-47FA-9722-B43AD2712F0B}.Release|Any CPU.Build.0 = Release|Any CPU
		{37BC65F7-A96D-48C7-BEE0-B15093A5B13E}.Debug|Any CPU.ActiveCfg = Debug|Any CPU
		{37BC65F7-A96D-48C7-BEE0-B15093A5B13E}.Debug|Any CPU.Build.0 = Debug|Any CPU
		{37BC65F7-A96D-48C7-BEE0-B15093A5B13E}.Release|Any CPU.ActiveCfg = Release|Any CPU
		{37BC65F7-A96D-48C7-BEE0-B15093A5B13E}.Release|Any CPU.Build.0 = Release|Any CPU
		{67A1AA61-184B-42A7-8B37-4FDD43D57752}.Debug|Any CPU.ActiveCfg = Debug|Any CPU
		{67A1AA61-184B-42A7-8B37-4FDD43D57752}.Debug|Any CPU.Build.0 = Debug|Any CPU
		{67A1AA61-184B-42A7-8B37-4FDD43D57752}.Release|Any CPU.ActiveCfg = Release|Any CPU
		{67A1AA61-184B-42A7-8B37-4FDD43D57752}.Release|Any CPU.Build.0 = Release|Any CPU
		{C5537D7A-610A-47AB-9256-9D594BE845F2}.Debug|Any CPU.ActiveCfg = Debug|Any CPU
		{C5537D7A-610A-47AB-9256-9D594BE845F2}.Debug|Any CPU.Build.0 = Debug|Any CPU
		{C5537D7A-610A-47AB-9256-9D594BE845F2}.Release|Any CPU.ActiveCfg = Release|Any CPU
		{C5537D7A-610A-47AB-9256-9D594BE845F2}.Release|Any CPU.Build.0 = Release|Any CPU
		{60848354-6F9F-4852-AAF0-C99CAA6C66D9}.Debug|Any CPU.ActiveCfg = Debug|Any CPU
		{60848354-6F9F-4852-AAF0-C99CAA6C66D9}.Debug|Any CPU.Build.0 = Debug|Any CPU
		{60848354-6F9F-4852-AAF0-C99CAA6C66D9}.Release|Any CPU.ActiveCfg = Release|Any CPU
		{60848354-6F9F-4852-AAF0-C99CAA6C66D9}.Release|Any CPU.Build.0 = Release|Any CPU
		{AC27B151-B664-40F4-9D5F-377C2CADDFA7}.Debug|Any CPU.ActiveCfg = Debug|Any CPU
		{AC27B151-B664-40F4-9D5F-377C2CADDFA7}.Debug|Any CPU.Build.0 = Debug|Any CPU
		{AC27B151-B664-40F4-9D5F-377C2CADDFA7}.Release|Any CPU.ActiveCfg = Release|Any CPU
		{AC27B151-B664-40F4-9D5F-377C2CADDFA7}.Release|Any CPU.Build.0 = Release|Any CPU
		{889B4F04-A053-469A-BF78-6F9955F27A40}.Debug|Any CPU.ActiveCfg = Debug|Any CPU
		{889B4F04-A053-469A-BF78-6F9955F27A40}.Debug|Any CPU.Build.0 = Debug|Any CPU
		{889B4F04-A053-469A-BF78-6F9955F27A40}.Release|Any CPU.ActiveCfg = Release|Any CPU
		{889B4F04-A053-469A-BF78-6F9955F27A40}.Release|Any CPU.Build.0 = Release|Any CPU
	EndGlobalSection
	GlobalSection(SolutionProperties) = preSolution
		HideSolutionNode = FALSE
	EndGlobalSection
	GlobalSection(ExtensibilityGlobals) = postSolution
		SolutionGuid = {2BE817FD-7AEE-43A3-BF32-25091E7F568D}
	EndGlobalSection
EndGlobal
