
Microsoft Visual Studio Solution File, Format Version 12.00
# Visual Studio Version 17
VisualStudioVersion = 17.0.32126.317
MinimumVisualStudioVersion = 10.0.40219.1
Project("{9A19103F-16F7-4668-BE54-9A1E7A4F7556}") = "P04.Students", "P04.Students\P04.Students.csproj", "{70327BC9-4B28-4619-AA23-34CAE56B9EDE}"
EndProject
Project("{9A19103F-16F7-4668-BE54-9A1E7A4F7556}") = "P05.TeamworkProjects", "P05.TeamworkProjects\P05.TeamworkProjects.csproj", "{51DEC1D0-D48F-401D-9D5E-3089A0679990}"
EndProject
Project("{9A19103F-16F7-4668-BE54-9A1E7A4F7556}") = "01.AdvertisementMessage", "01.AdvertisementMessage\01.AdvertisementMessage.csproj", "{27E79157-B4A9-4B59-8E92-1C25AAF060DD}"
EndProject
Project("{9A19103F-16F7-4668-BE54-9A1E7A4F7556}") = "02. Articles", "02. Articles\02. Articles.csproj", "{6D3C8CAB-7804-4E3D-B231-E3DA2871D3DB}"
EndProject
Project("{9A19103F-16F7-4668-BE54-9A1E7A4F7556}") = "03.Articles2.0", "03.Articles2.0\03.Articles2.0.csproj", "{F566263B-8C95-489D-9824-0628E4E2CADA}"
EndProject
Project("{9A19103F-16F7-4668-BE54-9A1E7A4F7556}") = "PE01.CompanyRoster", "P01.CompanyRoster\PE01.CompanyRoster.csproj", "{46518B1D-77FD-4BE3-9BE3-1A1F79BC7121}"
EndProject
Project("{9A19103F-16F7-4668-BE54-9A1E7A4F7556}") = "PE02.OldestFamilyMember", "02.OldestFamilyMember\PE02.OldestFamilyMember.csproj", "{6A11EFC3-62FB-459A-82C7-16FED50FB112}"
EndProject
Project("{9A19103F-16F7-4668-BE54-9A1E7A4F7556}") = "PE03.SpeedRacing", "PE03.SpeedRacing\PE03.SpeedRacing.csproj", "{FCCE8CD2-2E56-45F1-9277-E7C5F56B5949}"
EndProject
Project("{9A19103F-16F7-4668-BE54-9A1E7A4F7556}") = "PE04.RawData", "PE04.RawData\PE04.RawData.csproj", "{231B3E3A-43C5-4AB0-8055-25AC7EE76A9B}"
EndProject
Project("{9A19103F-16F7-4668-BE54-9A1E7A4F7556}") = "PE05.ShoppingSpree", "PE05.ShoppingSpree\PE05.ShoppingSpree.csproj", "{6D3395ED-02FF-4CA3-99F3-2CC262113D60}"
EndProject
Project("{FAE04EC0-301F-11D3-BF4B-00C04F79EFBC}") = "P06.VehicleCatalogue", "P06.VehicleCatalogue\P06.VehicleCatalogue.csproj", "{D2B175AE-52CA-4B06-A480-0DCA5406F727}"
EndProject
Project("{FAE04EC0-301F-11D3-BF4B-00C04F79EFBC}") = "P07.OrderByAge", "P07.OrderByAge\P07.OrderByAge.csproj", "{D5FFBAE7-06D1-4E03-A3ED-46C70B76C681}"
EndProject
Global
	GlobalSection(SolutionConfigurationPlatforms) = preSolution
		Debug|Any CPU = Debug|Any CPU
		Release|Any CPU = Release|Any CPU
	EndGlobalSection
	GlobalSection(ProjectConfigurationPlatforms) = postSolution
		{70327BC9-4B28-4619-AA23-34CAE56B9EDE}.Debug|Any CPU.ActiveCfg = Debug|Any CPU
		{70327BC9-4B28-4619-AA23-34CAE56B9EDE}.Debug|Any CPU.Build.0 = Debug|Any CPU
		{70327BC9-4B28-4619-AA23-34CAE56B9EDE}.Release|Any CPU.ActiveCfg = Release|Any CPU
		{70327BC9-4B28-4619-AA23-34CAE56B9EDE}.Release|Any CPU.Build.0 = Release|Any CPU
		{51DEC1D0-D48F-401D-9D5E-3089A0679990}.Debug|Any CPU.ActiveCfg = Debug|Any CPU
		{51DEC1D0-D48F-401D-9D5E-3089A0679990}.Debug|Any CPU.Build.0 = Debug|Any CPU
		{51DEC1D0-D48F-401D-9D5E-3089A0679990}.Release|Any CPU.ActiveCfg = Release|Any CPU
		{51DEC1D0-D48F-401D-9D5E-3089A0679990}.Release|Any CPU.Build.0 = Release|Any CPU
		{27E79157-B4A9-4B59-8E92-1C25AAF060DD}.Debug|Any CPU.ActiveCfg = Debug|Any CPU
		{27E79157-B4A9-4B59-8E92-1C25AAF060DD}.Debug|Any CPU.Build.0 = Debug|Any CPU
		{27E79157-B4A9-4B59-8E92-1C25AAF060DD}.Release|Any CPU.ActiveCfg = Release|Any CPU
		{27E79157-B4A9-4B59-8E92-1C25AAF060DD}.Release|Any CPU.Build.0 = Release|Any CPU
		{6D3C8CAB-7804-4E3D-B231-E3DA2871D3DB}.Debug|Any CPU.ActiveCfg = Debug|Any CPU
		{6D3C8CAB-7804-4E3D-B231-E3DA2871D3DB}.Debug|Any CPU.Build.0 = Debug|Any CPU
		{6D3C8CAB-7804-4E3D-B231-E3DA2871D3DB}.Release|Any CPU.ActiveCfg = Release|Any CPU
		{6D3C8CAB-7804-4E3D-B231-E3DA2871D3DB}.Release|Any CPU.Build.0 = Release|Any CPU
		{F566263B-8C95-489D-9824-0628E4E2CADA}.Debug|Any CPU.ActiveCfg = Debug|Any CPU
		{F566263B-8C95-489D-9824-0628E4E2CADA}.Debug|Any CPU.Build.0 = Debug|Any CPU
		{F566263B-8C95-489D-9824-0628E4E2CADA}.Release|Any CPU.ActiveCfg = Release|Any CPU
		{F566263B-8C95-489D-9824-0628E4E2CADA}.Release|Any CPU.Build.0 = Release|Any CPU
		{46518B1D-77FD-4BE3-9BE3-1A1F79BC7121}.Debug|Any CPU.ActiveCfg = Debug|Any CPU
		{46518B1D-77FD-4BE3-9BE3-1A1F79BC7121}.Debug|Any CPU.Build.0 = Debug|Any CPU
		{46518B1D-77FD-4BE3-9BE3-1A1F79BC7121}.Release|Any CPU.ActiveCfg = Release|Any CPU
		{46518B1D-77FD-4BE3-9BE3-1A1F79BC7121}.Release|Any CPU.Build.0 = Release|Any CPU
		{6A11EFC3-62FB-459A-82C7-16FED50FB112}.Debug|Any CPU.ActiveCfg = Debug|Any CPU
		{6A11EFC3-62FB-459A-82C7-16FED50FB112}.Debug|Any CPU.Build.0 = Debug|Any CPU
		{6A11EFC3-62FB-459A-82C7-16FED50FB112}.Release|Any CPU.ActiveCfg = Release|Any CPU
		{6A11EFC3-62FB-459A-82C7-16FED50FB112}.Release|Any CPU.Build.0 = Release|Any CPU
		{FCCE8CD2-2E56-45F1-9277-E7C5F56B5949}.Debug|Any CPU.ActiveCfg = Debug|Any CPU
		{FCCE8CD2-2E56-45F1-9277-E7C5F56B5949}.Debug|Any CPU.Build.0 = Debug|Any CPU
		{FCCE8CD2-2E56-45F1-9277-E7C5F56B5949}.Release|Any CPU.ActiveCfg = Release|Any CPU
		{FCCE8CD2-2E56-45F1-9277-E7C5F56B5949}.Release|Any CPU.Build.0 = Release|Any CPU
		{231B3E3A-43C5-4AB0-8055-25AC7EE76A9B}.Debug|Any CPU.ActiveCfg = Debug|Any CPU
		{231B3E3A-43C5-4AB0-8055-25AC7EE76A9B}.Debug|Any CPU.Build.0 = Debug|Any CPU
		{231B3E3A-43C5-4AB0-8055-25AC7EE76A9B}.Release|Any CPU.ActiveCfg = Release|Any CPU
		{231B3E3A-43C5-4AB0-8055-25AC7EE76A9B}.Release|Any CPU.Build.0 = Release|Any CPU
		{6D3395ED-02FF-4CA3-99F3-2CC262113D60}.Debug|Any CPU.ActiveCfg = Debug|Any CPU
		{6D3395ED-02FF-4CA3-99F3-2CC262113D60}.Debug|Any CPU.Build.0 = Debug|Any CPU
		{6D3395ED-02FF-4CA3-99F3-2CC262113D60}.Release|Any CPU.ActiveCfg = Release|Any CPU
		{6D3395ED-02FF-4CA3-99F3-2CC262113D60}.Release|Any CPU.Build.0 = Release|Any CPU
		{D2B175AE-52CA-4B06-A480-0DCA5406F727}.Debug|Any CPU.ActiveCfg = Debug|Any CPU
		{D2B175AE-52CA-4B06-A480-0DCA5406F727}.Debug|Any CPU.Build.0 = Debug|Any CPU
		{D2B175AE-52CA-4B06-A480-0DCA5406F727}.Release|Any CPU.ActiveCfg = Release|Any CPU
		{D2B175AE-52CA-4B06-A480-0DCA5406F727}.Release|Any CPU.Build.0 = Release|Any CPU
		{D5FFBAE7-06D1-4E03-A3ED-46C70B76C681}.Debug|Any CPU.ActiveCfg = Debug|Any CPU
		{D5FFBAE7-06D1-4E03-A3ED-46C70B76C681}.Debug|Any CPU.Build.0 = Debug|Any CPU
		{D5FFBAE7-06D1-4E03-A3ED-46C70B76C681}.Release|Any CPU.ActiveCfg = Release|Any CPU
		{D5FFBAE7-06D1-4E03-A3ED-46C70B76C681}.Release|Any CPU.Build.0 = Release|Any CPU
	EndGlobalSection
	GlobalSection(SolutionProperties) = preSolution
		HideSolutionNode = FALSE
	EndGlobalSection
	GlobalSection(ExtensibilityGlobals) = postSolution
		SolutionGuid = {F5CE33F2-FB80-4219-BA4C-87C9FDA6CC59}
	EndGlobalSection
EndGlobal
