
Microsoft Visual Studio Solution File, Format Version 12.00
# Visual Studio Version 17
VisualStudioVersion = 17.1.32328.378
MinimumVisualStudioVersion = 10.0.40219.1
Project("{9A19103F-16F7-4668-BE54-9A1E7A4F7556}") = "P01.ActionPoint", "P01.ActionPoint\P01.ActionPoint.csproj", "{AD080DBA-1E2D-4A7E-89B8-3E0D8F3CB64A}"
EndProject
Project("{9A19103F-16F7-4668-BE54-9A1E7A4F7556}") = "P02.KnightsOfHonor", "P02.KnightsOfHonor\P02.KnightsOfHonor.csproj", "{05E7FF99-F365-4941-8FAD-9C417824DB87}"
EndProject
Project("{9A19103F-16F7-4668-BE54-9A1E7A4F7556}") = "P03.CustomMinFunction", "P03.CustomMinFunction\P03.CustomMinFunction.csproj", "{FC702908-251A-4649-B3CE-530523A00CB7}"
EndProject
Project("{9A19103F-16F7-4668-BE54-9A1E7A4F7556}") = "P04.FindEvensorOdds", "P04.FindEvensorOdds\P04.FindEvensorOdds.csproj", "{62C8C37F-A77D-453B-9208-B52FFEB7EB24}"
EndProject
Project("{9A19103F-16F7-4668-BE54-9A1E7A4F7556}") = "P05.AppliedArithmetics", "P05.AppliedArithmetics\P05.AppliedArithmetics.csproj", "{33E4259D-AB37-459E-906A-BA573F3A035E}"
EndProject
Project("{9A19103F-16F7-4668-BE54-9A1E7A4F7556}") = "P06.ReverseAndExclude", "P06.ReverseAndExclude\P06.ReverseAndExclude.csproj", "{34B3E95B-DD7B-497D-874B-ED0A7D2D5AFE}"
EndProject
Project("{FAE04EC0-301F-11D3-BF4B-00C04F79EFBC}") = "P07.PredicateForNames", "P07.PredicateForNames\P07.PredicateForNames.csproj", "{360D0DA1-39A6-485B-8EBB-5ED09FFBC854}"
EndProject
Project("{FAE04EC0-301F-11D3-BF4B-00C04F79EFBC}") = "P08.ListOfPredicates", "P08.ListOfPredicates\P08.ListOfPredicates.csproj", "{D51736F3-12E0-40D2-BF26-CEC82A6FA65B}"
EndProject
Project("{FAE04EC0-301F-11D3-BF4B-00C04F79EFBC}") = "P09.PredicateParty", "P09.PredicateParty\P09.PredicateParty.csproj", "{77F49279-0267-4C64-BD4D-26EBE51DD5FB}"
EndProject
Project("{FAE04EC0-301F-11D3-BF4B-00C04F79EFBC}") = "P10.ThePartyReservationFilterModule", "P10.ThePartyReservationFilterModule\P10.ThePartyReservationFilterModule.csproj", "{49AE8E75-C787-47B3-93FF-127B8D69E4B0}"
EndProject
Project("{FAE04EC0-301F-11D3-BF4B-00C04F79EFBC}") = "P11.TriFunction", "P11.TriFunction\P11.TriFunction.csproj", "{AA9B76F8-A517-456C-AB70-F8A153D43C8F}"
EndProject
Global
	GlobalSection(SolutionConfigurationPlatforms) = preSolution
		Debug|Any CPU = Debug|Any CPU
		Release|Any CPU = Release|Any CPU
	EndGlobalSection
	GlobalSection(ProjectConfigurationPlatforms) = postSolution
		{AD080DBA-1E2D-4A7E-89B8-3E0D8F3CB64A}.Debug|Any CPU.ActiveCfg = Debug|Any CPU
		{AD080DBA-1E2D-4A7E-89B8-3E0D8F3CB64A}.Debug|Any CPU.Build.0 = Debug|Any CPU
		{AD080DBA-1E2D-4A7E-89B8-3E0D8F3CB64A}.Release|Any CPU.ActiveCfg = Release|Any CPU
		{AD080DBA-1E2D-4A7E-89B8-3E0D8F3CB64A}.Release|Any CPU.Build.0 = Release|Any CPU
		{05E7FF99-F365-4941-8FAD-9C417824DB87}.Debug|Any CPU.ActiveCfg = Debug|Any CPU
		{05E7FF99-F365-4941-8FAD-9C417824DB87}.Debug|Any CPU.Build.0 = Debug|Any CPU
		{05E7FF99-F365-4941-8FAD-9C417824DB87}.Release|Any CPU.ActiveCfg = Release|Any CPU
		{05E7FF99-F365-4941-8FAD-9C417824DB87}.Release|Any CPU.Build.0 = Release|Any CPU
		{FC702908-251A-4649-B3CE-530523A00CB7}.Debug|Any CPU.ActiveCfg = Debug|Any CPU
		{FC702908-251A-4649-B3CE-530523A00CB7}.Debug|Any CPU.Build.0 = Debug|Any CPU
		{FC702908-251A-4649-B3CE-530523A00CB7}.Release|Any CPU.ActiveCfg = Release|Any CPU
		{FC702908-251A-4649-B3CE-530523A00CB7}.Release|Any CPU.Build.0 = Release|Any CPU
		{62C8C37F-A77D-453B-9208-B52FFEB7EB24}.Debug|Any CPU.ActiveCfg = Debug|Any CPU
		{62C8C37F-A77D-453B-9208-B52FFEB7EB24}.Debug|Any CPU.Build.0 = Debug|Any CPU
		{62C8C37F-A77D-453B-9208-B52FFEB7EB24}.Release|Any CPU.ActiveCfg = Release|Any CPU
		{62C8C37F-A77D-453B-9208-B52FFEB7EB24}.Release|Any CPU.Build.0 = Release|Any CPU
		{33E4259D-AB37-459E-906A-BA573F3A035E}.Debug|Any CPU.ActiveCfg = Debug|Any CPU
		{33E4259D-AB37-459E-906A-BA573F3A035E}.Debug|Any CPU.Build.0 = Debug|Any CPU
		{33E4259D-AB37-459E-906A-BA573F3A035E}.Release|Any CPU.ActiveCfg = Release|Any CPU
		{33E4259D-AB37-459E-906A-BA573F3A035E}.Release|Any CPU.Build.0 = Release|Any CPU
		{34B3E95B-DD7B-497D-874B-ED0A7D2D5AFE}.Debug|Any CPU.ActiveCfg = Debug|Any CPU
		{34B3E95B-DD7B-497D-874B-ED0A7D2D5AFE}.Debug|Any CPU.Build.0 = Debug|Any CPU
		{34B3E95B-DD7B-497D-874B-ED0A7D2D5AFE}.Release|Any CPU.ActiveCfg = Release|Any CPU
		{34B3E95B-DD7B-497D-874B-ED0A7D2D5AFE}.Release|Any CPU.Build.0 = Release|Any CPU
		{360D0DA1-39A6-485B-8EBB-5ED09FFBC854}.Debug|Any CPU.ActiveCfg = Debug|Any CPU
		{360D0DA1-39A6-485B-8EBB-5ED09FFBC854}.Debug|Any CPU.Build.0 = Debug|Any CPU
		{360D0DA1-39A6-485B-8EBB-5ED09FFBC854}.Release|Any CPU.ActiveCfg = Release|Any CPU
		{360D0DA1-39A6-485B-8EBB-5ED09FFBC854}.Release|Any CPU.Build.0 = Release|Any CPU
		{D51736F3-12E0-40D2-BF26-CEC82A6FA65B}.Debug|Any CPU.ActiveCfg = Debug|Any CPU
		{D51736F3-12E0-40D2-BF26-CEC82A6FA65B}.Debug|Any CPU.Build.0 = Debug|Any CPU
		{D51736F3-12E0-40D2-BF26-CEC82A6FA65B}.Release|Any CPU.ActiveCfg = Release|Any CPU
		{D51736F3-12E0-40D2-BF26-CEC82A6FA65B}.Release|Any CPU.Build.0 = Release|Any CPU
		{77F49279-0267-4C64-BD4D-26EBE51DD5FB}.Debug|Any CPU.ActiveCfg = Debug|Any CPU
		{77F49279-0267-4C64-BD4D-26EBE51DD5FB}.Debug|Any CPU.Build.0 = Debug|Any CPU
		{77F49279-0267-4C64-BD4D-26EBE51DD5FB}.Release|Any CPU.ActiveCfg = Release|Any CPU
		{77F49279-0267-4C64-BD4D-26EBE51DD5FB}.Release|Any CPU.Build.0 = Release|Any CPU
		{49AE8E75-C787-47B3-93FF-127B8D69E4B0}.Debug|Any CPU.ActiveCfg = Debug|Any CPU
		{49AE8E75-C787-47B3-93FF-127B8D69E4B0}.Debug|Any CPU.Build.0 = Debug|Any CPU
		{49AE8E75-C787-47B3-93FF-127B8D69E4B0}.Release|Any CPU.ActiveCfg = Release|Any CPU
		{49AE8E75-C787-47B3-93FF-127B8D69E4B0}.Release|Any CPU.Build.0 = Release|Any CPU
		{AA9B76F8-A517-456C-AB70-F8A153D43C8F}.Debug|Any CPU.ActiveCfg = Debug|Any CPU
		{AA9B76F8-A517-456C-AB70-F8A153D43C8F}.Debug|Any CPU.Build.0 = Debug|Any CPU
		{AA9B76F8-A517-456C-AB70-F8A153D43C8F}.Release|Any CPU.ActiveCfg = Release|Any CPU
		{AA9B76F8-A517-456C-AB70-F8A153D43C8F}.Release|Any CPU.Build.0 = Release|Any CPU
	EndGlobalSection
	GlobalSection(SolutionProperties) = preSolution
		HideSolutionNode = FALSE
	EndGlobalSection
	GlobalSection(ExtensibilityGlobals) = postSolution
		SolutionGuid = {4A01D085-3538-40C9-B302-89E2E7A15CA7}
	EndGlobalSection
EndGlobal
